
Microsoft Visual Studio Solution File, Format Version 12.00
# Visual Studio Version 17
VisualStudioVersion = 17.14.37012.4 d17.14
MinimumVisualStudioVersion = 10.0.40219.1
Project("{FAE04EC0-301F-11D3-BF4B-00C04F79EFBC}") = "tontine.MVC", "tontine.MVC.csproj", "{592A5382-8FD8-4C50-8393-002C255EDD0D}"
EndProject
Project("{FAE04EC0-301F-11D3-BF4B-00C04F79EFBC}") = "tontine.WebAPI", "..\tontine.WebAPI\tontine.WebAPI.csproj", "{365F24A4-DD39-45C6-8466-8DB5A2102846}"
EndProject
Global
	GlobalSection(SolutionConfigurationPlatforms) = preSolution
		Debug|Any CPU = Debug|Any CPU
		Release|Any CPU = Release|Any CPU
	EndGlobalSection
	GlobalSection(ProjectConfigurationPlatforms) = postSolution
		{592A5382-8FD8-4C50-8393-002C255EDD0D}.Debug|Any CPU.ActiveCfg = Debug|Any CPU
		{592A5382-8FD8-4C50-8393-002C255EDD0D}.Debug|Any CPU.Build.0 = Debug|Any CPU
		{592A5382-8FD8-4C50-8393-002C255EDD0D}.Release|Any CPU.ActiveCfg = Release|Any CPU
		{592A5382-8FD8-4C50-8393-002C255EDD0D}.Release|Any CPU.Build.0 = Release|Any CPU
		{365F24A4-DD39-45C6-8466-8DB5A2102846}.Debug|Any CPU.ActiveCfg = Debug|Any CPU
		{365F24A4-DD39-45C6-8466-8DB5A2102846}.Debug|Any CPU.Build.0 = Debug|Any CPU
		{365F24A4-DD39-45C6-8466-8DB5A2102846}.Release|Any CPU.ActiveCfg = Release|Any CPU
		{365F24A4-DD39-45C6-8466-8DB5A2102846}.Release|Any CPU.Build.0 = Release|Any CPU
	EndGlobalSection
	GlobalSection(SolutionProperties) = preSolution
		HideSolutionNode = FALSE
	EndGlobalSection
	GlobalSection(ExtensibilityGlobals) = postSolution
		SolutionGuid = {8986A204-0C1A-4ADC-9BDF-FF268CBBEC2B}
	EndGlobalSection
EndGlobal
